
Microsoft Visual Studio Solution File, Format Version 12.00
# Visual Studio Version 16
VisualStudioVersion = 16.0.30523.141
MinimumVisualStudioVersion = 10.0.40219.1
Project("{FAE04EC0-301F-11D3-BF4B-00C04F79EFBC}") = "Ionașc_Robert_Lab2", "Ionașc_Robert_Lab2\Ionașc_Robert_Lab2.csproj", "{A18C34C9-C035-460A-BF93-327D4BD6C831}"
EndProject
Global
	GlobalSection(SolutionConfigurationPlatforms) = preSolution
		Debug|Any CPU = Debug|Any CPU
		Release|Any CPU = Release|Any CPU
	EndGlobalSection
	GlobalSection(ProjectConfigurationPlatforms) = postSolution
		{A18C34C9-C035-460A-BF93-327D4BD6C831}.Debug|Any CPU.ActiveCfg = Debug|Any CPU
		{A18C34C9-C035-460A-BF93-327D4BD6C831}.Debug|Any CPU.Build.0 = Debug|Any CPU
		{A18C34C9-C035-460A-BF93-327D4BD6C831}.Release|Any CPU.ActiveCfg = Release|Any CPU
		{A18C34C9-C035-460A-BF93-327D4BD6C831}.Release|Any CPU.Build.0 = Release|Any CPU
	EndGlobalSection
	GlobalSection(SolutionProperties) = preSolution
		HideSolutionNode = FALSE
	EndGlobalSection
	GlobalSection(ExtensibilityGlobals) = postSolution
		SolutionGuid = {261A7AD7-1F91-4007-96D6-B6342A06C357}
	EndGlobalSection
EndGlobal
